// !$*UTF8*$!
{
	archiveVersion = 1;
	classes = {
	};
	objectVersion = 51;
	objects = {

/* Begin PBXBuildFile section */
		220D05D023C08D2800C7C81C /* AppDelegate.swift in Sources */ = {isa = PBXBuildFile; fileRef = 220D05CF23C08D2800C7C81C /* AppDelegate.swift */; };
		220D05D223C08D2800C7C81C /* ViewController.swift in Sources */ = {isa = PBXBuildFile; fileRef = 220D05D123C08D2800C7C81C /* ViewController.swift */; };
		220D05D523C08D2800C7C81C /* Main.storyboard in Resources */ = {isa = PBXBuildFile; fileRef = 220D05D323C08D2800C7C81C /* Main.storyboard */; };
		220D05D723C08D2900C7C81C /* Assets.xcassets in Resources */ = {isa = PBXBuildFile; fileRef = 220D05D623C08D2900C7C81C /* Assets.xcassets */; };
		220D05DA23C08D2900C7C81C /* LaunchScreen.storyboard in Resources */ = {isa = PBXBuildFile; fileRef = 220D05D823C08D2900C7C81C /* LaunchScreen.storyboard */; };
		220D05E523C08D2900C7C81C /* AssignmentGreedyGameTests.swift in Sources */ = {isa = PBXBuildFile; fileRef = 220D05E423C08D2900C7C81C /* AssignmentGreedyGameTests.swift */; };
		220D05F023C08D2900C7C81C /* AssignmentGreedyGameUITests.swift in Sources */ = {isa = PBXBuildFile; fileRef = 220D05EF23C08D2900C7C81C /* AssignmentGreedyGameUITests.swift */; };
		220D067A23C0DCC400C7C81C /* AlbumModel.swift in Sources */ = {isa = PBXBuildFile; fileRef = 220D067923C0DCC400C7C81C /* AlbumModel.swift */; };
		220D067C23C0DD7700C7C81C /* Cell.swift in Sources */ = {isa = PBXBuildFile; fileRef = 220D067B23C0DD7700C7C81C /* Cell.swift */; };
		220D067E23C0E6BC00C7C81C /* DetailImageViewController.swift in Sources */ = {isa = PBXBuildFile; fileRef = 220D067D23C0E6BC00C7C81C /* DetailImageViewController.swift */; };
		220D068123C0F60900C7C81C /* APIInterface.swift in Sources */ = {isa = PBXBuildFile; fileRef = 220D068023C0F60900C7C81C /* APIInterface.swift */; };
		761AA1D6D5721EDC5642DE3B /* Pods_AssignmentGreedyGameTests.framework in Frameworks */ = {isa = PBXBuildFile; fileRef = 1C9E34DC0CFB83300B1D6CE4 /* Pods_AssignmentGreedyGameTests.framework */; };
		889E03AA701C2DF31DBA0EDB /* Pods_AssignmentGreedyGameUITests.framework in Frameworks */ = {isa = PBXBuildFile; fileRef = 942DD9330CD1D81AC4D33679 /* Pods_AssignmentGreedyGameUITests.framework */; };
		C00A066AF736EE5DBF67BF44 /* Pods_AssignmentGreedyGame.framework in Frameworks */ = {isa = PBXBuildFile; fileRef = 44D29F08552A2C6A3EE1CF67 /* Pods_AssignmentGreedyGame.framework */; };
/* End PBXBuildFile section */

/* Begin PBXContainerItemProxy section */
		220D05E123C08D2900C7C81C /* PBXContainerItemProxy */ = {
			isa = PBXContainerItemProxy;
			containerPortal = 220D05C423C08D2800C7C81C /* Project object */;
			proxyType = 1;
			remoteGlobalIDString = 220D05CB23C08D2800C7C81C;
			remoteInfo = AssignmentGreedyGame;
		};
		220D05EC23C08D2900C7C81C /* PBXContainerItemProxy */ = {
			isa = PBXContainerItemProxy;
			containerPortal = 220D05C423C08D2800C7C81C /* Project object */;
			proxyType = 1;
			remoteGlobalIDString = 220D05CB23C08D2800C7C81C;
			remoteInfo = AssignmentGreedyGame;
		};
/* End PBXContainerItemProxy section */

/* Begin PBXFileReference section */
		175B779A582DF8F32165ED1A /* Pods-AssignmentGreedyGameTests.debug.xcconfig */ = {isa = PBXFileReference; includeInIndex = 1; lastKnownFileType = text.xcconfig; name = "Pods-AssignmentGreedyGameTests.debug.xcconfig"; path = "Target Support Files/Pods-AssignmentGreedyGameTests/Pods-AssignmentGreedyGameTests.debug.xcconfig"; sourceTree = "<group>"; };
		1C9E34DC0CFB83300B1D6CE4 /* Pods_AssignmentGreedyGameTests.framework */ = {isa = PBXFileReference; explicitFileType = wrapper.framework; includeInIndex = 0; path = Pods_AssignmentGreedyGameTests.framework; sourceTree = BUILT_PRODUCTS_DIR; };
		220D05CC23C08D2800C7C81C /* AssignmentGreedyGame.app */ = {isa = PBXFileReference; explicitFileType = wrapper.application; includeInIndex = 0; path = AssignmentGreedyGame.app; sourceTree = BUILT_PRODUCTS_DIR; };
		220D05CF23C08D2800C7C81C /* AppDelegate.swift */ = {isa = PBXFileReference; lastKnownFileType = sourcecode.swift; path = AppDelegate.swift; sourceTree = "<group>"; };
		220D05D123C08D2800C7C81C /* ViewController.swift */ = {isa = PBXFileReference; lastKnownFileType = sourcecode.swift; path = ViewController.swift; sourceTree = "<group>"; };
		220D05D423C08D2800C7C81C /* Base */ = {isa = PBXFileReference; lastKnownFileType = file.storyboard; name = Base; path = Base.lproj/Main.storyboard; sourceTree = "<group>"; };
		220D05D623C08D2900C7C81C /* Assets.xcassets */ = {isa = PBXFileReference; lastKnownFileType = folder.assetcatalog; path = Assets.xcassets; sourceTree = "<group>"; };
		220D05D923C08D2900C7C81C /* Base */ = {isa = PBXFileReference; lastKnownFileType = file.storyboard; name = Base; path = Base.lproj/LaunchScreen.storyboard; sourceTree = "<group>"; };
		220D05DB23C08D2900C7C81C /* Info.plist */ = {isa = PBXFileReference; lastKnownFileType = text.plist.xml; path = Info.plist; sourceTree = "<group>"; };
		220D05E023C08D2900C7C81C /* AssignmentGreedyGameTests.xctest */ = {isa = PBXFileReference; explicitFileType = wrapper.cfbundle; includeInIndex = 0; path = AssignmentGreedyGameTests.xctest; sourceTree = BUILT_PRODUCTS_DIR; };
		220D05E423C08D2900C7C81C /* AssignmentGreedyGameTests.swift */ = {isa = PBXFileReference; lastKnownFileType = sourcecode.swift; path = AssignmentGreedyGameTests.swift; sourceTree = "<group>"; };
		220D05E623C08D2900C7C81C /* Info.plist */ = {isa = PBXFileReference; lastKnownFileType = text.plist.xml; path = Info.plist; sourceTree = "<group>"; };
		220D05EB23C08D2900C7C81C /* AssignmentGreedyGameUITests.xctest */ = {isa = PBXFileReference; explicitFileType = wrapper.cfbundle; includeInIndex = 0; path = AssignmentGreedyGameUITests.xctest; sourceTree = BUILT_PRODUCTS_DIR; };
		220D05EF23C08D2900C7C81C /* AssignmentGreedyGameUITests.swift */ = {isa = PBXFileReference; lastKnownFileType = sourcecode.swift; path = AssignmentGreedyGameUITests.swift; sourceTree = "<group>"; };
		220D05F123C08D2900C7C81C /* Info.plist */ = {isa = PBXFileReference; lastKnownFileType = text.plist.xml; path = Info.plist; sourceTree = "<group>"; };
		220D067923C0DCC400C7C81C /* AlbumModel.swift */ = {isa = PBXFileReference; lastKnownFileType = sourcecode.swift; path = AlbumModel.swift; sourceTree = "<group>"; };
		220D067B23C0DD7700C7C81C /* Cell.swift */ = {isa = PBXFileReference; lastKnownFileType = sourcecode.swift; path = Cell.swift; sourceTree = "<group>"; };
		220D067D23C0E6BC00C7C81C /* DetailImageViewController.swift */ = {isa = PBXFileReference; lastKnownFileType = sourcecode.swift; path = DetailImageViewController.swift; sourceTree = "<group>"; };
		220D068023C0F60900C7C81C /* APIInterface.swift */ = {isa = PBXFileReference; lastKnownFileType = sourcecode.swift; path = APIInterface.swift; sourceTree = "<group>"; };
		251DFCFE50B56E70B2E0A927 /* Pods-AssignmentGreedyGameUITests.debug.xcconfig */ = {isa = PBXFileReference; includeInIndex = 1; lastKnownFileType = text.xcconfig; name = "Pods-AssignmentGreedyGameUITests.debug.xcconfig"; path = "Target Support Files/Pods-AssignmentGreedyGameUITests/Pods-AssignmentGreedyGameUITests.debug.xcconfig"; sourceTree = "<group>"; };
		30BA0FC1C63C34DEFD560316 /* Pods-AssignmentGreedyGame.release.xcconfig */ = {isa = PBXFileReference; includeInIndex = 1; lastKnownFileType = text.xcconfig; name = "Pods-AssignmentGreedyGame.release.xcconfig"; path = "Target Support Files/Pods-AssignmentGreedyGame/Pods-AssignmentGreedyGame.release.xcconfig"; sourceTree = "<group>"; };
		43A054135E94C6384C6829BA /* Pods-AssignmentGreedyGameUITests.release.xcconfig */ = {isa = PBXFileReference; includeInIndex = 1; lastKnownFileType = text.xcconfig; name = "Pods-AssignmentGreedyGameUITests.release.xcconfig"; path = "Target Support Files/Pods-AssignmentGreedyGameUITests/Pods-AssignmentGreedyGameUITests.release.xcconfig"; sourceTree = "<group>"; };
		44D29F08552A2C6A3EE1CF67 /* Pods_AssignmentGreedyGame.framework */ = {isa = PBXFileReference; explicitFileType = wrapper.framework; includeInIndex = 0; path = Pods_AssignmentGreedyGame.framework; sourceTree = BUILT_PRODUCTS_DIR; };
		4D8D7F98CB31E7585A9D0387 /* Pods-AssignmentGreedyGame.debug.xcconfig */ = {isa = PBXFileReference; includeInIndex = 1; lastKnownFileType = text.xcconfig; name = "Pods-AssignmentGreedyGame.debug.xcconfig"; path = "Target Support Files/Pods-AssignmentGreedyGame/Pods-AssignmentGreedyGame.debug.xcconfig"; sourceTree = "<group>"; };
		942DD9330CD1D81AC4D33679 /* Pods_AssignmentGreedyGameUITests.framework */ = {isa = PBXFileReference; explicitFileType = wrapper.framework; includeInIndex = 0; path = Pods_AssignmentGreedyGameUITests.framework; sourceTree = BUILT_PRODUCTS_DIR; };
		A62DB8FDDA5D06BAA1E167A0 /* Pods-AssignmentGreedyGameTests.release.xcconfig */ = {isa = PBXFileReference; includeInIndex = 1; lastKnownFileType = text.xcconfig; name = "Pods-AssignmentGreedyGameTests.release.xcconfig"; path = "Target Support Files/Pods-AssignmentGreedyGameTests/Pods-AssignmentGreedyGameTests.release.xcconfig"; sourceTree = "<group>"; };
/* End PBXFileReference section */

/* Begin PBXFrameworksBuildPhase section */
		220D05C923C08D2800C7C81C /* Frameworks */ = {
			isa = PBXFrameworksBuildPhase;
			buildActionMask = 2147483647;
			files = (
				C00A066AF736EE5DBF67BF44 /* Pods_AssignmentGreedyGame.framework in Frameworks */,
			);
			runOnlyForDeploymentPostprocessing = 0;
		};
		220D05DD23C08D2900C7C81C /* Frameworks */ = {
			isa = PBXFrameworksBuildPhase;
			buildActionMask = 2147483647;
			files = (
				761AA1D6D5721EDC5642DE3B /* Pods_AssignmentGreedyGameTests.framework in Frameworks */,
			);
			runOnlyForDeploymentPostprocessing = 0;
		};
		220D05E823C08D2900C7C81C /* Frameworks */ = {
			isa = PBXFrameworksBuildPhase;
			buildActionMask = 2147483647;
			files = (
				889E03AA701C2DF31DBA0EDB /* Pods_AssignmentGreedyGameUITests.framework in Frameworks */,
			);
			runOnlyForDeploymentPostprocessing = 0;
		};
/* End PBXFrameworksBuildPhase section */

/* Begin PBXGroup section */
		220D05C323C08D2800C7C81C = {
			isa = PBXGroup;
			children = (
				220D05CE23C08D2800C7C81C /* AssignmentGreedyGame */,
				220D05E323C08D2900C7C81C /* AssignmentGreedyGameTests */,
				220D05EE23C08D2900C7C81C /* AssignmentGreedyGameUITests */,
				220D05CD23C08D2800C7C81C /* Products */,
				E0BC670968513CD5303328AB /* Pods */,
				42CFF0B23ECED10F9614E12F /* Frameworks */,
			);
			sourceTree = "<group>";
		};
		220D05CD23C08D2800C7C81C /* Products */ = {
			isa = PBXGroup;
			children = (
				220D05CC23C08D2800C7C81C /* AssignmentGreedyGame.app */,
				220D05E023C08D2900C7C81C /* AssignmentGreedyGameTests.xctest */,
				220D05EB23C08D2900C7C81C /* AssignmentGreedyGameUITests.xctest */,
			);
			name = Products;
			sourceTree = "<group>";
		};
		220D05CE23C08D2800C7C81C /* AssignmentGreedyGame */ = {
			isa = PBXGroup;
			children = (
				220D068223C0F69800C7C81C /* Resources */,
				220D067F23C0F5F700C7C81C /* APIS */,
				220D067823C0DC8700C7C81C /* Model */,
				220D067623C0DC7300C7C81C /* Controller */,
				220D067723C0DC8000C7C81C /* View */,
				220D05CF23C08D2800C7C81C /* AppDelegate.swift */,
				220D05DB23C08D2900C7C81C /* Info.plist */,
			);
			path = AssignmentGreedyGame;
			sourceTree = "<group>";
		};
		220D05E323C08D2900C7C81C /* AssignmentGreedyGameTests */ = {
			isa = PBXGroup;
			children = (
				220D05E423C08D2900C7C81C /* AssignmentGreedyGameTests.swift */,
				220D05E623C08D2900C7C81C /* Info.plist */,
			);
			path = AssignmentGreedyGameTests;
			sourceTree = "<group>";
		};
		220D05EE23C08D2900C7C81C /* AssignmentGreedyGameUITests */ = {
			isa = PBXGroup;
			children = (
				220D05EF23C08D2900C7C81C /* AssignmentGreedyGameUITests.swift */,
				220D05F123C08D2900C7C81C /* Info.plist */,
			);
			path = AssignmentGreedyGameUITests;
			sourceTree = "<group>";
		};
		220D067623C0DC7300C7C81C /* Controller */ = {
			isa = PBXGroup;
			children = (
				220D05D123C08D2800C7C81C /* ViewController.swift */,
				220D067B23C0DD7700C7C81C /* Cell.swift */,
				220D067D23C0E6BC00C7C81C /* DetailImageViewController.swift */,
			);
			path = Controller;
			sourceTree = "<group>";
		};
		220D067723C0DC8000C7C81C /* View */ = {
			isa = PBXGroup;
			children = (
				220D05D823C08D2900C7C81C /* LaunchScreen.storyboard */,
				220D05D323C08D2800C7C81C /* Main.storyboard */,
			);
			path = View;
			sourceTree = "<group>";
		};
		220D067823C0DC8700C7C81C /* Model */ = {
			isa = PBXGroup;
			children = (
				220D067923C0DCC400C7C81C /* AlbumModel.swift */,
			);
			path = Model;
			sourceTree = "<group>";
		};
		220D067F23C0F5F700C7C81C /* APIS */ = {
			isa = PBXGroup;
			children = (
				220D068023C0F60900C7C81C /* APIInterface.swift */,
			);
			path = APIS;
			sourceTree = "<group>";
		};
		220D068223C0F69800C7C81C /* Resources */ = {
			isa = PBXGroup;
			children = (
				220D05D623C08D2900C7C81C /* Assets.xcassets */,
			);
			path = Resources;
			sourceTree = "<group>";
		};
		42CFF0B23ECED10F9614E12F /* Frameworks */ = {
			isa = PBXGroup;
			children = (
				44D29F08552A2C6A3EE1CF67 /* Pods_AssignmentGreedyGame.framework */,
				1C9E34DC0CFB83300B1D6CE4 /* Pods_AssignmentGreedyGameTests.framework */,
				942DD9330CD1D81AC4D33679 /* Pods_AssignmentGreedyGameUITests.framework */,
			);
			name = Frameworks;
			sourceTree = "<group>";
		};
		E0BC670968513CD5303328AB /* Pods */ = {
			isa = PBXGroup;
			children = (
				4D8D7F98CB31E7585A9D0387 /* Pods-AssignmentGreedyGame.debug.xcconfig */,
				30BA0FC1C63C34DEFD560316 /* Pods-AssignmentGreedyGame.release.xcconfig */,
				175B779A582DF8F32165ED1A /* Pods-AssignmentGreedyGameTests.debug.xcconfig */,
				A62DB8FDDA5D06BAA1E167A0 /* Pods-AssignmentGreedyGameTests.release.xcconfig */,
				251DFCFE50B56E70B2E0A927 /* Pods-AssignmentGreedyGameUITests.debug.xcconfig */,
				43A054135E94C6384C6829BA /* Pods-AssignmentGreedyGameUITests.release.xcconfig */,
			);
			path = Pods;
			sourceTree = "<group>";
		};
/* End PBXGroup section */

/* Begin PBXNativeTarget section */
		220D05CB23C08D2800C7C81C /* AssignmentGreedyGame */ = {
			isa = PBXNativeTarget;
			buildConfigurationList = 220D05F423C08D2900C7C81C /* Build configuration list for PBXNativeTarget "AssignmentGreedyGame" */;
			buildPhases = (
				E6965F59CD2B07548CD9104A /* [CP] Check Pods Manifest.lock */,
				220D05C823C08D2800C7C81C /* Sources */,
				220D05C923C08D2800C7C81C /* Frameworks */,
				220D05CA23C08D2800C7C81C /* Resources */,
				9547768183A13C213F60F833 /* [CP] Embed Pods Frameworks */,
			);
			buildRules = (
			);
			dependencies = (
			);
			name = AssignmentGreedyGame;
			productName = AssignmentGreedyGame;
			productReference = 220D05CC23C08D2800C7C81C /* AssignmentGreedyGame.app */;
			productType = "com.apple.product-type.application";
		};
		220D05DF23C08D2900C7C81C /* AssignmentGreedyGameTests */ = {
			isa = PBXNativeTarget;
			buildConfigurationList = 220D05F723C08D2900C7C81C /* Build configuration list for PBXNativeTarget "AssignmentGreedyGameTests" */;
			buildPhases = (
				3274A7ABDDE0D060175B388A /* [CP] Check Pods Manifest.lock */,
				220D05DC23C08D2900C7C81C /* Sources */,
				220D05DD23C08D2900C7C81C /* Frameworks */,
				220D05DE23C08D2900C7C81C /* Resources */,
			);
			buildRules = (
			);
			dependencies = (
				220D05E223C08D2900C7C81C /* PBXTargetDependency */,
			);
			name = AssignmentGreedyGameTests;
			productName = AssignmentGreedyGameTests;
			productReference = 220D05E023C08D2900C7C81C /* AssignmentGreedyGameTests.xctest */;
			productType = "com.apple.product-type.bundle.unit-test";
		};
		220D05EA23C08D2900C7C81C /* AssignmentGreedyGameUITests */ = {
			isa = PBXNativeTarget;
			buildConfigurationList = 220D05FA23C08D2900C7C81C /* Build configuration list for PBXNativeTarget "AssignmentGreedyGameUITests" */;
			buildPhases = (
				01004EE7D57E0A3D1394EC0A /* [CP] Check Pods Manifest.lock */,
				220D05E723C08D2900C7C81C /* Sources */,
				220D05E823C08D2900C7C81C /* Frameworks */,
				220D05E923C08D2900C7C81C /* Resources */,
			);
			buildRules = (
			);
			dependencies = (
				220D05ED23C08D2900C7C81C /* PBXTargetDependency */,
			);
			name = AssignmentGreedyGameUITests;
			productName = AssignmentGreedyGameUITests;
			productReference = 220D05EB23C08D2900C7C81C /* AssignmentGreedyGameUITests.xctest */;
			productType = "com.apple.product-type.bundle.ui-testing";
		};
/* End PBXNativeTarget section */

/* Begin PBXProject section */
		220D05C423C08D2800C7C81C /* Project object */ = {
			isa = PBXProject;
			attributes = {
				LastSwiftUpdateCheck = 1010;
				LastUpgradeCheck = 1010;
				ORGANIZATIONNAME = I0039;
				TargetAttributes = {
					220D05CB23C08D2800C7C81C = {
						CreatedOnToolsVersion = 10.1;
					};
					220D05DF23C08D2900C7C81C = {
						CreatedOnToolsVersion = 10.1;
						TestTargetID = 220D05CB23C08D2800C7C81C;
					};
					220D05EA23C08D2900C7C81C = {
						CreatedOnToolsVersion = 10.1;
						TestTargetID = 220D05CB23C08D2800C7C81C;
					};
				};
			};
			buildConfigurationList = 220D05C723C08D2800C7C81C /* Build configuration list for PBXProject "AssignmentGreedyGame" */;
			compatibilityVersion = "Xcode 9.3";
			developmentRegion = en;
			hasScannedForEncodings = 0;
			knownRegions = (
				en,
				Base,
			);
			mainGroup = 220D05C323C08D2800C7C81C;
			productRefGroup = 220D05CD23C08D2800C7C81C /* Products */;
			projectDirPath = "";
			projectRoot = "";
			targets = (
				220D05CB23C08D2800C7C81C /* AssignmentGreedyGame */,
				220D05DF23C08D2900C7C81C /* AssignmentGreedyGameTests */,
				220D05EA23C08D2900C7C81C /* AssignmentGreedyGameUITests */,
			);
		};
/* End PBXProject section */

/* Begin PBXResourcesBuildPhase section */
		220D05CA23C08D2800C7C81C /* Resources */ = {
			isa = PBXResourcesBuildPhase;
			buildActionMask = 2147483647;
			files = (
				220D05DA23C08D2900C7C81C /* LaunchScreen.storyboard in Resources */,
				220D05D723C08D2900C7C81C /* Assets.xcassets in Resources */,
				220D05D523C08D2800C7C81C /* Main.storyboard in Resources */,
			);
			runOnlyForDeploymentPostprocessing = 0;
		};
		220D05DE23C08D2900C7C81C /* Resources */ = {
			isa = PBXResourcesBuildPhase;
			buildActionMask = 2147483647;
			files = (
			);
			runOnlyForDeploymentPostprocessing = 0;
		};
		220D05E923C08D2900C7C81C /* Resources */ = {
			isa = PBXResourcesBuildPhase;
			buildActionMask = 2147483647;
			files = (
			);
			runOnlyForDeploymentPostprocessing = 0;
		};
/* End PBXResourcesBuildPhase section */

/* Begin PBXShellScriptBuildPhase section */
		01004EE7D57E0A3D1394EC0A /* [CP] Check Pods Manifest.lock */ = {
			isa = PBXShellScriptBuildPhase;
			buildActionMask = 2147483647;
			files = (
			);
			inputFileListPaths = (
			);
			inputPaths = (
				"${PODS_PODFILE_DIR_PATH}/Podfile.lock",
				"${PODS_ROOT}/Manifest.lock",
			);
			name = "[CP] Check Pods Manifest.lock";
			outputFileListPaths = (
			);
			outputPaths = (
				"$(DERIVED_FILE_DIR)/Pods-AssignmentGreedyGameUITests-checkManifestLockResult.txt",
			);
			runOnlyForDeploymentPostprocessing = 0;
			shellPath = /bin/sh;
			shellScript = "diff \"${PODS_PODFILE_DIR_PATH}/Podfile.lock\" \"${PODS_ROOT}/Manifest.lock\" > /dev/null\nif [ $? != 0 ] ; then\n    # print error to STDERR\n    echo \"error: The sandbox is not in sync with the Podfile.lock. Run 'pod install' or update your CocoaPods installation.\" >&2\n    exit 1\nfi\n# This output is used by Xcode 'outputs' to avoid re-running this script phase.\necho \"SUCCESS\" > \"${SCRIPT_OUTPUT_FILE_0}\"\n";
			showEnvVarsInLog = 0;
		};
		3274A7ABDDE0D060175B388A /* [CP] Check Pods Manifest.lock */ = {
			isa = PBXShellScriptBuildPhase;
			buildActionMask = 2147483647;
			files = (
			);
			inputFileListPaths = (
			);
			inputPaths = (
				"${PODS_PODFILE_DIR_PATH}/Podfile.lock",
				"${PODS_ROOT}/Manifest.lock",
			);
			name = "[CP] Check Pods Manifest.lock";
			outputFileListPaths = (
			);
			outputPaths = (
				"$(DERIVED_FILE_DIR)/Pods-AssignmentGreedyGameTests-checkManifestLockResult.txt",
			);
			runOnlyForDeploymentPostprocessing = 0;
			shellPath = /bin/sh;
			shellScript = "diff \"${PODS_PODFILE_DIR_PATH}/Podfile.lock\" \"${PODS_ROOT}/Manifest.lock\" > /dev/null\nif [ $? != 0 ] ; then\n    # print error to STDERR\n    echo \"error: The sandbox is not in sync with the Podfile.lock. Run 'pod install' or update your CocoaPods installation.\" >&2\n    exit 1\nfi\n# This output is used by Xcode 'outputs' to avoid re-running this script phase.\necho \"SUCCESS\" > \"${SCRIPT_OUTPUT_FILE_0}\"\n";
			showEnvVarsInLog = 0;
		};
		9547768183A13C213F60F833 /* [CP] Embed Pods Frameworks */ = {
			isa = PBXShellScriptBuildPhase;
			buildActionMask = 2147483647;
			files = (
			);
			inputFileListPaths = (
				"${PODS_ROOT}/Target Support Files/Pods-AssignmentGreedyGame/Pods-AssignmentGreedyGame-frameworks-${CONFIGURATION}-input-files.xcfilelist",
			);
			name = "[CP] Embed Pods Frameworks";
			outputFileListPaths = (
				"${PODS_ROOT}/Target Support Files/Pods-AssignmentGreedyGame/Pods-AssignmentGreedyGame-frameworks-${CONFIGURATION}-output-files.xcfilelist",
			);
			runOnlyForDeploymentPostprocessing = 0;
			shellPath = /bin/sh;
			shellScript = "\"${PODS_ROOT}/Target Support Files/Pods-AssignmentGreedyGame/Pods-AssignmentGreedyGame-frameworks.sh\"\n";
			showEnvVarsInLog = 0;
		};
		E6965F59CD2B07548CD9104A /* [CP] Check Pods Manifest.lock */ = {
			isa = PBXShellScriptBuildPhase;
			buildActionMask = 2147483647;
			files = (
			);
			inputFileListPaths = (
			);
			inputPaths = (
				"${PODS_PODFILE_DIR_PATH}/Podfile.lock",
				"${PODS_ROOT}/Manifest.lock",
			);
			name = "[CP] Check Pods Manifest.lock";
			outputFileListPaths = (
			);
			outputPaths = (
				"$(DERIVED_FILE_DIR)/Pods-AssignmentGreedyGame-checkManifestLockResult.txt",
			);
			runOnlyForDeploymentPostprocessing = 0;
			shellPath = /bin/sh;
			shellScript = "diff \"${PODS_PODFILE_DIR_PATH}/Podfile.lock\" \"${PODS_ROOT}/Manifest.lock\" > /dev/null\nif [ $? != 0 ] ; then\n    # print error to STDERR\n    echo \"error: The sandbox is not in sync with the Podfile.lock. Run 'pod install' or update your CocoaPods installation.\" >&2\n    exit 1\nfi\n# This output is used by Xcode 'outputs' to avoid re-running this script phase.\necho \"SUCCESS\" > \"${SCRIPT_OUTPUT_FILE_0}\"\n";
			showEnvVarsInLog = 0;
		};
/* End PBXShellScriptBuildPhase section */

/* Begin PBXSourcesBuildPhase section */
		220D05C823C08D2800C7C81C /* Sources */ = {
			isa = PBXSourcesBuildPhase;
			buildActionMask = 2147483647;
			files = (
				220D05D223C08D2800C7C81C /* ViewController.swift in Sources */,
				220D067C23C0DD7700C7C81C /* Cell.swift in Sources */,
				220D067A23C0DCC400C7C81C /* AlbumModel.swift in Sources */,
				220D05D023C08D2800C7C81C /* AppDelegate.swift in Sources */,
				220D068123C0F60900C7C81C /* APIInterface.swift in Sources */,
				220D067E23C0E6BC00C7C81C /* DetailImageViewController.swift in Sources */,
			);
			runOnlyForDeploymentPostprocessing = 0;
		};
		220D05DC23C08D2900C7C81C /* Sources */ = {
			isa = PBXSourcesBuildPhase;
			buildActionMask = 2147483647;
			files = (
				220D05E523C08D2900C7C81C /* AssignmentGreedyGameTests.swift in Sources */,
			);
			runOnlyForDeploymentPostprocessing = 0;
		};
		220D05E723C08D2900C7C81C /* Sources */ = {
			isa = PBXSourcesBuildPhase;
			buildActionMask = 2147483647;
			files = (
				220D05F023C08D2900C7C81C /* AssignmentGreedyGameUITests.swift in Sources */,
			);
			runOnlyForDeploymentPostprocessing = 0;
		};
/* End PBXSourcesBuildPhase section */

/* Begin PBXTargetDependency section */
		220D05E223C08D2900C7C81C /* PBXTargetDependency */ = {
			isa = PBXTargetDependency;
			target = 220D05CB23C08D2800C7C81C /* AssignmentGreedyGame */;
			targetProxy = 220D05E123C08D2900C7C81C /* PBXContainerItemProxy */;
		};
		220D05ED23C08D2900C7C81C /* PBXTargetDependency */ = {
			isa = PBXTargetDependency;
			target = 220D05CB23C08D2800C7C81C /* AssignmentGreedyGame */;
			targetProxy = 220D05EC23C08D2900C7C81C /* PBXContainerItemProxy */;
		};
/* End PBXTargetDependency section */

/* Begin PBXVariantGroup section */
		220D05D323C08D2800C7C81C /* Main.storyboard */ = {
			isa = PBXVariantGroup;
			children = (
				220D05D423C08D2800C7C81C /* Base */,
			);
			name = Main.storyboard;
			sourceTree = "<group>";
		};
		220D05D823C08D2900C7C81C /* LaunchScreen.storyboard */ = {
			isa = PBXVariantGroup;
			children = (
				220D05D923C08D2900C7C81C /* Base */,
			);
			name = LaunchScreen.storyboard;
			sourceTree = "<group>";
		};
/* End PBXVariantGroup section */

/* Begin XCBuildConfiguration section */
		220D05F223C08D2900C7C81C /* Debug */ = {
			isa = XCBuildConfiguration;
			buildSettings = {
				ALWAYS_SEARCH_USER_PATHS = NO;
				CLANG_ANALYZER_NONNULL = YES;
				CLANG_ANALYZER_NUMBER_OBJECT_CONVERSION = YES_AGGRESSIVE;
				CLANG_CXX_LANGUAGE_STANDARD = "gnu++14";
				CLANG_CXX_LIBRARY = "libc++";
				CLANG_ENABLE_MODULES = YES;
				CLANG_ENABLE_OBJC_ARC = YES;
				CLANG_ENABLE_OBJC_WEAK = YES;
				CLANG_WARN_BLOCK_CAPTURE_AUTORELEASING = YES;
				CLANG_WARN_BOOL_CONVERSION = YES;
				CLANG_WARN_COMMA = YES;
				CLANG_WARN_CONSTANT_CONVERSION = YES;
				CLANG_WARN_DEPRECATED_OBJC_IMPLEMENTATIONS = YES;
				CLANG_WARN_DIRECT_OBJC_ISA_USAGE = YES_ERROR;
				CLANG_WARN_DOCUMENTATION_COMMENTS = YES;
				CLANG_WARN_EMPTY_BODY = YES;
				CLANG_WARN_ENUM_CONVERSION = YES;
				CLANG_WARN_INFINITE_RECURSION = YES;
				CLANG_WARN_INT_CONVERSION = YES;
				CLANG_WARN_NON_LITERAL_NULL_CONVERSION = YES;
				CLANG_WARN_OBJC_IMPLICIT_RETAIN_SELF = YES;
				CLANG_WARN_OBJC_LITERAL_CONVERSION = YES;
				CLANG_WARN_OBJC_ROOT_CLASS = YES_ERROR;
				CLANG_WARN_RANGE_LOOP_ANALYSIS = YES;
				CLANG_WARN_STRICT_PROTOTYPES = YES;
				CLANG_WARN_SUSPICIOUS_MOVE = YES;
				CLANG_WARN_UNGUARDED_AVAILABILITY = YES_AGGRESSIVE;
				CLANG_WARN_UNREACHABLE_CODE = YES;
				CLANG_WARN__DUPLICATE_METHOD_MATCH = YES;
				CODE_SIGN_IDENTITY = "iPhone Developer";
				COPY_PHASE_STRIP = NO;
				DEBUG_INFORMATION_FORMAT = dwarf;
				ENABLE_STRICT_OBJC_MSGSEND = YES;
				ENABLE_TESTABILITY = YES;
				GCC_C_LANGUAGE_STANDARD = gnu11;
				GCC_DYNAMIC_NO_PIC = NO;
				GCC_NO_COMMON_BLOCKS = YES;
				GCC_OPTIMIZATION_LEVEL = 0;
				GCC_PREPROCESSOR_DEFINITIONS = (
					"DEBUG=1",
					"$(inherited)",
				);
				GCC_WARN_64_TO_32_BIT_CONVERSION = YES;
				GCC_WARN_ABOUT_RETURN_TYPE = YES_ERROR;
				GCC_WARN_UNDECLARED_SELECTOR = YES;
				GCC_WARN_UNINITIALIZED_AUTOS = YES_AGGRESSIVE;
				GCC_WARN_UNUSED_FUNCTION = YES;
				GCC_WARN_UNUSED_VARIABLE = YES;
				IPHONEOS_DEPLOYMENT_TARGET = 12.1;
				MTL_ENABLE_DEBUG_INFO = INCLUDE_SOURCE;
				MTL_FAST_MATH = YES;
				ONLY_ACTIVE_ARCH = YES;
				SDKROOT = iphoneos;
				SWIFT_ACTIVE_COMPILATION_CONDITIONS = DEBUG;
				SWIFT_OPTIMIZATION_LEVEL = "-Onone";
			};
			name = Debug;
		};
		220D05F323C08D2900C7C81C /* Release */ = {
			isa = XCBuildConfiguration;
			buildSettings = {
				ALWAYS_SEARCH_USER_PATHS = NO;
				CLANG_ANALYZER_NONNULL = YES;
				CLANG_ANALYZER_NUMBER_OBJECT_CONVERSION = YES_AGGRESSIVE;
				CLANG_CXX_LANGUAGE_STANDARD = "gnu++14";
				CLANG_CXX_LIBRARY = "libc++";
				CLANG_ENABLE_MODULES = YES;
				CLANG_ENABLE_OBJC_ARC = YES;
				CLANG_ENABLE_OBJC_WEAK = YES;
				CLANG_WARN_BLOCK_CAPTURE_AUTORELEASING = YES;
				CLANG_WARN_BOOL_CONVERSION = YES;
				CLANG_WARN_COMMA = YES;
				CLANG_WARN_CONSTANT_CONVERSION = YES;
				CLANG_WARN_DEPRECATED_OBJC_IMPLEMENTATIONS = YES;
				CLANG_WARN_DIRECT_OBJC_ISA_USAGE = YES_ERROR;
				CLANG_WARN_DOCUMENTATION_COMMENTS = YES;
				CLANG_WARN_EMPTY_BODY = YES;
				CLANG_WARN_ENUM_CONVERSION = YES;
				CLANG_WARN_INFINITE_RECURSION = YES;
				CLANG_WARN_INT_CONVERSION = YES;
				CLANG_WARN_NON_LITERAL_NULL_CONVERSION = YES;
				CLANG_WARN_OBJC_IMPLICIT_RETAIN_SELF = YES;
				CLANG_WARN_OBJC_LITERAL_CONVERSION = YES;
				CLANG_WARN_OBJC_ROOT_CLASS = YES_ERROR;
				CLANG_WARN_RANGE_LOOP_ANALYSIS = YES;
				CLANG_WARN_STRICT_PROTOTYPES = YES;
				CLANG_WARN_SUSPICIOUS_MOVE = YES;
				CLANG_WARN_UNGUARDED_AVAILABILITY = YES_AGGRESSIVE;
				CLANG_WARN_UNREACHABLE_CODE = YES;
				CLANG_WARN__DUPLICATE_METHOD_MATCH = YES;
				CODE_SIGN_IDENTITY = "iPhone Developer";
				COPY_PHASE_STRIP = NO;
				DEBUG_INFORMATION_FORMAT = "dwarf-with-dsym";
				ENABLE_NS_ASSERTIONS = NO;
				ENABLE_STRICT_OBJC_MSGSEND = YES;
				GCC_C_LANGUAGE_STANDARD = gnu11;
				GCC_NO_COMMON_BLOCKS = YES;
				GCC_WARN_64_TO_32_BIT_CONVERSION = YES;
				GCC_WARN_ABOUT_RETURN_TYPE = YES_ERROR;
				GCC_WARN_UNDECLARED_SELECTOR = YES;
				GCC_WARN_UNINITIALIZED_AUTOS = YES_AGGRESSIVE;
				GCC_WARN_UNUSED_FUNCTION = YES;
				GCC_WARN_UNUSED_VARIABLE = YES;
				IPHONEOS_DEPLOYMENT_TARGET = 12.1;
				MTL_ENABLE_DEBUG_INFO = NO;
				MTL_FAST_MATH = YES;
				SDKROOT = iphoneos;
				SWIFT_COMPILATION_MODE = wholemodule;
				SWIFT_OPTIMIZATION_LEVEL = "-O";
				VALIDATE_PRODUCT = YES;
			};
			name = Release;
		};
		220D05F523C08D2900C7C81C /* Debug */ = {
			isa = XCBuildConfiguration;
			baseConfigurationReference = 4D8D7F98CB31E7585A9D0387 /* Pods-AssignmentGreedyGame.debug.xcconfig */;
			buildSettings = {
				ASSETCATALOG_COMPILER_APPICON_NAME = AppIcon;
				CODE_SIGN_STYLE = Automatic;
				INFOPLIST_FILE = AssignmentGreedyGame/Info.plist;
				LD_RUNPATH_SEARCH_PATHS = (
					"$(inherited)",
					"@executable_path/Frameworks",
				);
				PRODUCT_BUNDLE_IDENTIFIER = com.simplyfi.AssignmentGreedyGame;
				PRODUCT_NAME = "$(TARGET_NAME)";
				SWIFT_VERSION = 4.2;
				TARGETED_DEVICE_FAMILY = "1,2";
			};
			name = Debug;
		};
		220D05F623C08D2900C7C81C /* Release */ = {
			isa = XCBuildConfiguration;
			baseConfigurationReference = 30BA0FC1C63C34DEFD560316 /* Pods-AssignmentGreedyGame.release.xcconfig */;
			buildSettings = {
				ASSETCATALOG_COMPILER_APPICON_NAME = AppIcon;
				CODE_SIGN_STYLE = Automatic;
				INFOPLIST_FILE = AssignmentGreedyGame/Info.plist;
				LD_RUNPATH_SEARCH_PATHS = (
					"$(inherited)",
					"@executable_path/Frameworks",
				);
				PRODUCT_BUNDLE_IDENTIFIER = com.simplyfi.AssignmentGreedyGame;
				PRODUCT_NAME = "$(TARGET_NAME)";
				SWIFT_VERSION = 4.2;
				TARGETED_DEVICE_FAMILY = "1,2";
			};
			name = Release;
		};
		220D05F823C08D2900C7C81C /* Debug */ = {
			isa = XCBuildConfiguration;
			baseConfigurationReference = 175B779A582DF8F32165ED1A /* Pods-AssignmentGreedyGameTests.debug.xcconfig */;
			buildSettings = {
				ALWAYS_EMBED_SWIFT_STANDARD_LIBRARIES = YES;
				BUNDLE_LOADER = "$(TEST_HOST)";
				CODE_SIGN_STYLE = Automatic;
				INFOPLIST_FILE = AssignmentGreedyGameTests/Info.plist;
				LD_RUNPATH_SEARCH_PATHS = (
					"$(inherited)",
					"@executable_path/Frameworks",
					"@loader_path/Frameworks",
				);
				PRODUCT_BUNDLE_IDENTIFIER = com.simplyfi.AssignmentGreedyGameTests;
				PRODUCT_NAME = "$(TARGET_NAME)";
				SWIFT_VERSION = 4.2;
				TARGETED_DEVICE_FAMILY = "1,2";
				TEST_HOST = "$(BUILT_PRODUCTS_DIR)/AssignmentGreedyGame.app/AssignmentGreedyGame";
			};
			name = Debug;
		};
		220D05F923C08D2900C7C81C /* Release */ = {
			isa = XCBuildConfiguration;
			baseConfigurationReference = A62DB8FDDA5D06BAA1E167A0 /* Pods-AssignmentGreedyGameTests.release.xcconfig */;
			buildSettings = {
				ALWAYS_EMBED_SWIFT_STANDARD_LIBRARIES = YES;
				BUNDLE_LOADER = "$(TEST_HOST)";
				CODE_SIGN_STYLE = Automatic;
				INFOPLIST_FILE = AssignmentGreedyGameTests/Info.plist;
				LD_RUNPATH_SEARCH_PATHS = (
					"$(inherited)",
					"@executable_path/Frameworks",
					"@loader_path/Frameworks",
				);
				PRODUCT_BUNDLE_IDENTIFIER = com.simplyfi.AssignmentGreedyGameTests;
				PRODUCT_NAME = "$(TARGET_NAME)";
				SWIFT_VERSION = 4.2;
				TARGETED_DEVICE_FAMILY = "1,2";
				TEST_HOST = "$(BUILT_PRODUCTS_DIR)/AssignmentGreedyGame.app/AssignmentGreedyGame";
			};
			name = Release;
		};
		220D05FB23C08D2900C7C81C /* Debug */ = {
			isa = XCBuildConfiguration;
			baseConfigurationReference = 251DFCFE50B56E70B2E0A927 /* Pods-AssignmentGreedyGameUITests.debug.xcconfig */;
			buildSettings = {
				ALWAYS_EMBED_SWIFT_STANDARD_LIBRARIES = YES;
				CODE_SIGN_STYLE = Automatic;
				INFOPLIST_FILE = AssignmentGreedyGameUITests/Info.plist;
				LD_RUNPATH_SEARCH_PATHS = (
					"$(inherited)",
					"@executable_path/Frameworks",
					"@loader_path/Frameworks",
				);
				PRODUCT_BUNDLE_IDENTIFIER = com.simplyfi.AssignmentGreedyGameUITests;
				PRODUCT_NAME = "$(TARGET_NAME)";
				SWIFT_VERSION = 4.2;
				TARGETED_DEVICE_FAMILY = "1,2";
				TEST_TARGET_NAME = AssignmentGreedyGame;
			};
			name = Debug;
		};
		220D05FC23C08D2900C7C81C /* Release */ = {
			isa = XCBuildConfiguration;
			baseConfigurationReference = 43A054135E94C6384C6829BA /* Pods-AssignmentGreedyGameUITests.release.xcconfig */;
			buildSettings = {
				ALWAYS_EMBED_SWIFT_STANDARD_LIBRARIES = YES;
				CODE_SIGN_STYLE = Automatic;
				INFOPLIST_FILE = AssignmentGreedyGameUITests/Info.plist;
				LD_RUNPATH_SEARCH_PATHS = (
					"$(inherited)",
					"@executable_path/Frameworks",
					"@loader_path/Frameworks",
				);
				PRODUCT_BUNDLE_IDENTIFIER = com.simplyfi.AssignmentGreedyGameUITests;
				PRODUCT_NAME = "$(TARGET_NAME)";
				SWIFT_VERSION = 4.2;
				TARGETED_DEVICE_FAMILY = "1,2";
				TEST_TARGET_NAME = AssignmentGreedyGame;
			};
			name = Release;
		};
/* End XCBuildConfiguration section */

/* Begin XCConfigurationList section */
		220D05C723C08D2800C7C81C /* Build configuration list for PBXProject "AssignmentGreedyGame" */ = {
			isa = XCConfigurationList;
			buildConfigurations = (
				220D05F223C08D2900C7C81C /* Debug */,
				220D05F323C08D2900C7C81C /* Release */,
			);
			defaultConfigurationIsVisible = 0;
			defaultConfigurationName = Release;
		};
		220D05F423C08D2900C7C81C /* Build configuration list for PBXNativeTarget "AssignmentGreedyGame" */ = {
			isa = XCConfigurationList;
			buildConfigurations = (
				220D05F523C08D2900C7C81C /* Debug */,
				220D05F623C08D2900C7C81C /* Release */,
			);
			defaultConfigurationIsVisible = 0;
			defaultConfigurationName = Release;
		};
		220D05F723C08D2900C7C81C /* Build configuration list for PBXNativeTarget "AssignmentGreedyGameTests" */ = {
			isa = XCConfigurationList;
			buildConfigurations = (
				220D05F823C08D2900C7C81C /* Debug */,
				220D05F923C08D2900C7C81C /* Release */,
			);
			defaultConfigurationIsVisible = 0;
			defaultConfigurationName = Release;
		};
		220D05FA23C08D2900C7C81C /* Build configuration list for PBXNativeTarget "AssignmentGreedyGameUITests" */ = {
			isa = XCConfigurationList;
			buildConfigurations = (
				220D05FB23C08D2900C7C81C /* Debug */,
				220D05FC23C08D2900C7C81C /* Release */,
			);
			defaultConfigurationIsVisible = 0;
			defaultConfigurationName = Release;
		};
/* End XCConfigurationList section */
	};
	rootObject = 220D05C423C08D2800C7C81C /* Project object */;
}
